{
  "lockfileVersion": 1,
  "configVersion": 1,
  "workspaces": {
    "": {
      "name": "stefan-utils",
      "dependencies": {
        "@types/bun": "latest",
        "@types/lodash": "^4.17.21",
        "chalk": "^5.6.2",
        "date-fns": "^4.1.0",
        "globals": "^16.5.0",
        "lefthook": "^2.0.9",
        "lodash": "^4.17.21",
        "oxfmt": "^0.34.0",
        "oxlint": "^1.20.0",
        "prettier": "^3.7.4",
      },
    },
  },
  "packages": {
    "@oxfmt/binding-android-arm-eabi": ["@oxfmt/binding-android-arm-eabi@0.34.0", "", { "os": "android", "cpu": "arm" }, "sha512-sqkqjh/Z38l+duOb1HtVqJTAj1grt2ttkobCopC/72+a4Xxz4xUgZPFyQ4HxrYMvyqO/YA0tvM1QbfOu70Gk1Q=="],

    "@oxfmt/binding-android-arm64": ["@oxfmt/binding-android-arm64@0.34.0", "", { "os": "android", "cpu": "arm64" }, "sha512-1KRCtasHcVcGOMwfOP9d5Bus2NFsN8yAYM5cBwi8LBg5UtXC3C49WHKrlEa8iF1BjOS6CR2qIqiFbGoA0DJQNQ=="],

    "@oxfmt/binding-darwin-arm64": ["@oxfmt/binding-darwin-arm64@0.34.0", "", { "os": "darwin", "cpu": "arm64" }, "sha512-b+Rmw9Bva6e/7PBES2wLO8sEU7Mi0+/Kv+pXSe/Y8i4fWNftZZlGwp8P01eECaUqpXATfSgNxdEKy7+ssVNz7g=="],

    "@oxfmt/binding-darwin-x64": ["@oxfmt/binding-darwin-x64@0.34.0", "", { "os": "darwin", "cpu": "x64" }, "sha512-QGjpevWzf1T9COEokZEWt80kPOtthW1zhRbo7x4Qoz646eTTfi6XsHG2uHeDWJmTbgBoJZPMgj2TAEV/ppEZaA=="],

    "@oxfmt/binding-freebsd-x64": ["@oxfmt/binding-freebsd-x64@0.34.0", "", { "os": "freebsd", "cpu": "x64" }, "sha512-VMSaC02cG75qL59M9M/szEaqq/RsLfgpzQ4nqUu8BUnX1zkiZIW2gTpUv3ZJ6qpWnHxIlAXiRZjQwmcwpvtbcg=="],

    "@oxfmt/binding-linux-arm-gnueabihf": ["@oxfmt/binding-linux-arm-gnueabihf@0.34.0", "", { "os": "linux", "cpu": "arm" }, "sha512-Klm367PFJhH6vYK3vdIOxFepSJZHPaBfIuqwxdkOcfSQ4qqc/M8sgK0UTFnJWWTA/IkhMIh1kW6uEqiZ/xtQqg=="],

    "@oxfmt/binding-linux-arm-musleabihf": ["@oxfmt/binding-linux-arm-musleabihf@0.34.0", "", { "os": "linux", "cpu": "arm" }, "sha512-nqn0QueVXRfbN9m58/E9Zij0Ap8lzayx591eWBYn0sZrGzY1IRv9RYS7J/1YUXbb0Ugedo0a8qIWzUHU9bWQuA=="],

    "@oxfmt/binding-linux-arm64-gnu": ["@oxfmt/binding-linux-arm64-gnu@0.34.0", "", { "os": "linux", "cpu": "arm64" }, "sha512-DDn+dcqW+sMTCEjvLoQvC/VWJjG7h8wcdN/J+g7ZTdf/3/Dx730pQElxPPGsCXPhprb11OsPyMp5FwXjMY3qvA=="],

    "@oxfmt/binding-linux-arm64-musl": ["@oxfmt/binding-linux-arm64-musl@0.34.0", "", { "os": "linux", "cpu": "arm64" }, "sha512-H+F8+71gHQoGTFPPJ6z4dD0Fzfzi0UP8Zx94h5kUmIFThLvMq5K1Y/bUUubiXwwHfwb5C3MPjUpYijiy0rj51Q=="],

    "@oxfmt/binding-linux-ppc64-gnu": ["@oxfmt/binding-linux-ppc64-gnu@0.34.0", "", { "os": "linux", "cpu": "ppc64" }, "sha512-dIGnzTNhCXqQD5pzBwduLg8pClm+t8R53qaE9i5h8iua1iaFAJyLffh4847CNZSlASb7gn1Ofuv7KoG/EpoGZg=="],

    "@oxfmt/binding-linux-riscv64-gnu": ["@oxfmt/binding-linux-riscv64-gnu@0.34.0", "", { "os": "linux", "cpu": "none" }, "sha512-FGQ2GTTooilDte/ogwWwkHuuL3lGtcE3uKM2EcC7kOXNWdUfMY6Jx3JCodNVVbFoybv4A+HuCj8WJji2uu1Ceg=="],

    "@oxfmt/binding-linux-riscv64-musl": ["@oxfmt/binding-linux-riscv64-musl@0.34.0", "", { "os": "linux", "cpu": "none" }, "sha512-2dGbGneJ7ptOIVKMwEIHdCkdZEomh74X3ggo4hCzEXL/rl9HwfsZDR15MkqfQqAs6nVXMvtGIOMxjDYa5lwKaA=="],

    "@oxfmt/binding-linux-s390x-gnu": ["@oxfmt/binding-linux-s390x-gnu@0.34.0", "", { "os": "linux", "cpu": "s390x" }, "sha512-cCtGgmrTrxq3OeSG0UAO+w6yLZTMeOF4XM9SAkNrRUxYhRQELSDQ/iNPCLyHhYNi38uHJQbS5RQweLUDpI4ajA=="],

    "@oxfmt/binding-linux-x64-gnu": ["@oxfmt/binding-linux-x64-gnu@0.34.0", "", { "os": "linux", "cpu": "x64" }, "sha512-7AvMzmeX+k7GdgitXp99GQoIV/QZIpAS7rwxQvC/T541yWC45nwvk4mpnU8N+V6dE5SPEObnqfhCjO80s7qIsg=="],

    "@oxfmt/binding-linux-x64-musl": ["@oxfmt/binding-linux-x64-musl@0.34.0", "", { "os": "linux", "cpu": "x64" }, "sha512-uNiglhcmivJo1oDMh3hoN/Z0WsbEXOpRXZdQ3W/IkOpyV8WF308jFjSC1ZxajdcNRXWej0zgge9QXba58Owt+g=="],

    "@oxfmt/binding-openharmony-arm64": ["@oxfmt/binding-openharmony-arm64@0.34.0", "", { "os": "none", "cpu": "arm64" }, "sha512-5eFsTjCyji25j6zznzlMc+wQAZJoL9oWy576xhqd2efv+N4g1swIzuSDcb1dz4gpcVC6veWe9pAwD7HnrGjLwg=="],

    "@oxfmt/binding-win32-arm64-msvc": ["@oxfmt/binding-win32-arm64-msvc@0.34.0", "", { "os": "win32", "cpu": "arm64" }, "sha512-6id8kK0t5hKfbV6LHDzRO21wRTA6ctTlKGTZIsG/mcoir0rssvaYsedUymF4HDj7tbCUlnxCX/qOajKlEuqbIw=="],

    "@oxfmt/binding-win32-ia32-msvc": ["@oxfmt/binding-win32-ia32-msvc@0.34.0", "", { "os": "win32", "cpu": "ia32" }, "sha512-QHaz+w673mlYqn9v/+fuiKZpjkmagleXQ+NygShDv8tdHpRYX2oYhTJwwt9j1ZfVhRgza1EIUW3JmzCXmtPdhQ=="],

    "@oxfmt/binding-win32-x64-msvc": ["@oxfmt/binding-win32-x64-msvc@0.34.0", "", { "os": "win32", "cpu": "x64" }, "sha512-CXKQM/VaF+yuvGru8ktleHLJoBdjBtTFmAsLGePiESiTN0NjCI/PiaiOCfHMJ1HdP1LykvARUwMvgaN3tDhcrg=="],

    "@oxlint/binding-android-arm-eabi": ["@oxlint/binding-android-arm-eabi@1.47.0", "", { "os": "android", "cpu": "arm" }, "sha512-UHqo3te9K/fh29brCuQdHjN+kfpIi9cnTPABuD5S9wb9ykXYRGTOOMVuSV/CK43sOhU4wwb2nT1RVjcbrrQjFw=="],

    "@oxlint/binding-android-arm64": ["@oxlint/binding-android-arm64@1.47.0", "", { "os": "android", "cpu": "arm64" }, "sha512-xh02lsTF1TAkR+SZrRMYHR/xCx8Wg2MAHxJNdHVpAKELh9/yE9h4LJeqAOBbIb3YYn8o/D97U9VmkvkfJfrHfw=="],

    "@oxlint/binding-darwin-arm64": ["@oxlint/binding-darwin-arm64@1.47.0", "", { "os": "darwin", "cpu": "arm64" }, "sha512-OSOfNJqabOYbkyQDGT5pdoL+05qgyrmlQrvtCO58M4iKGEQ/xf3XkkKj7ws+hO+k8Y4VF4zGlBsJlwqy7qBcHA=="],

    "@oxlint/binding-darwin-x64": ["@oxlint/binding-darwin-x64@1.47.0", "", { "os": "darwin", "cpu": "x64" }, "sha512-hP2bOI4IWNS+F6pVXWtRshSTuJ1qCRZgDgVUg6EBUqsRy+ExkEPJkx+YmIuxgdCduYK1LKptLNFuQLJP8voPbQ=="],

    "@oxlint/binding-freebsd-x64": ["@oxlint/binding-freebsd-x64@1.47.0", "", { "os": "freebsd", "cpu": "x64" }, "sha512-F55jIEH5xmGu7S661Uho8vGiLFk0bY3A/g4J8CTKiLJnYu/PSMZ2WxFoy5Hji6qvFuujrrM9Q8XXbMO0fKOYPg=="],

    "@oxlint/binding-linux-arm-gnueabihf": ["@oxlint/binding-linux-arm-gnueabihf@1.47.0", "", { "os": "linux", "cpu": "arm" }, "sha512-wxmOn/wns/WKPXUC1fo5mu9pMZPVOu8hsynaVDrgmmXMdHKS7on6bA5cPauFFN9tJXNdsjW26AK9lpfu3IfHBQ=="],

    "@oxlint/binding-linux-arm-musleabihf": ["@oxlint/binding-linux-arm-musleabihf@1.47.0", "", { "os": "linux", "cpu": "arm" }, "sha512-KJTmVIA/GqRlM2K+ZROH30VMdydEU7bDTY35fNg3tOPzQRIs2deLZlY/9JWwdWo1F/9mIYmpbdCmPqtKhWNOPg=="],

    "@oxlint/binding-linux-arm64-gnu": ["@oxlint/binding-linux-arm64-gnu@1.47.0", "", { "os": "linux", "cpu": "arm64" }, "sha512-PF7ELcFg1GVlS0X0ZB6aWiXobjLrAKer3T8YEkwIoO8RwWiAMkL3n3gbleg895BuZkHVlJ2kPRUwfrhHrVkD1A=="],

    "@oxlint/binding-linux-arm64-musl": ["@oxlint/binding-linux-arm64-musl@1.47.0", "", { "os": "linux", "cpu": "arm64" }, "sha512-4BezLRO5cu0asf0Jp1gkrnn2OHiXrPPPEfBTxq1k5/yJ2zdGGTmZxHD2KF2voR23wb8Elyu3iQawXo7wvIZq0Q=="],

    "@oxlint/binding-linux-ppc64-gnu": ["@oxlint/binding-linux-ppc64-gnu@1.47.0", "", { "os": "linux", "cpu": "ppc64" }, "sha512-aI5ds9jq2CPDOvjeapiIj48T/vlWp+f4prkxs+FVzrmVN9BWIj0eqeJ/hV8WgXg79HVMIz9PU6deI2ki09bR1w=="],

    "@oxlint/binding-linux-riscv64-gnu": ["@oxlint/binding-linux-riscv64-gnu@1.47.0", "", { "os": "linux", "cpu": "none" }, "sha512-mO7ycp9Elvgt5EdGkQHCwJA6878xvo9tk+vlMfT1qg++UjvOMB8INsOCQIOH2IKErF/8/P21LULkdIrocMw9xA=="],

    "@oxlint/binding-linux-riscv64-musl": ["@oxlint/binding-linux-riscv64-musl@1.47.0", "", { "os": "linux", "cpu": "none" }, "sha512-24D0wsYT/7hDFn3Ow32m3/+QT/1ZwrUhShx4/wRDAmz11GQHOZ1k+/HBuK/MflebdnalmXWITcPEy4BWTi7TCA=="],

    "@oxlint/binding-linux-s390x-gnu": ["@oxlint/binding-linux-s390x-gnu@1.47.0", "", { "os": "linux", "cpu": "s390x" }, "sha512-8tPzPne882mtML/uy3mApvdCyuVOpthJ7xUv3b67gVfz63hOOM/bwO0cysSkPyYYFDFRn6/FnUb7Jhmsesntvg=="],

    "@oxlint/binding-linux-x64-gnu": ["@oxlint/binding-linux-x64-gnu@1.47.0", "", { "os": "linux", "cpu": "x64" }, "sha512-q58pIyGIzeffEBhEgbRxLFHmHfV9m7g1RnkLiahQuEvyjKNiJcvdHOwKH2BdgZxdzc99Cs6hF5xTa86X40WzPw=="],

    "@oxlint/binding-linux-x64-musl": ["@oxlint/binding-linux-x64-musl@1.47.0", "", { "os": "linux", "cpu": "x64" }, "sha512-e7DiLZtETZUCwTa4EEHg9G+7g3pY+afCWXvSeMG7m0TQ29UHHxMARPaEQUE4mfKgSqIWnJaUk2iZzRPMRdga5g=="],

    "@oxlint/binding-openharmony-arm64": ["@oxlint/binding-openharmony-arm64@1.47.0", "", { "os": "none", "cpu": "arm64" }, "sha512-3AFPfQ0WKMleT/bKd7zsks3xoawtZA6E/wKf0DjwysH7wUiMMJkNKXOzYq1R/00G98JFgSU1AkrlOQrSdNNhlg=="],

    "@oxlint/binding-win32-arm64-msvc": ["@oxlint/binding-win32-arm64-msvc@1.47.0", "", { "os": "win32", "cpu": "arm64" }, "sha512-cLMVVM6TBxp+N7FldQJ2GQnkcLYEPGgiuEaXdvhgvSgODBk9ov3jed+khIXSAWtnFOW0wOnG3RjwqPh0rCuheA=="],

    "@oxlint/binding-win32-ia32-msvc": ["@oxlint/binding-win32-ia32-msvc@1.47.0", "", { "os": "win32", "cpu": "ia32" }, "sha512-VpFOSzvTnld77/Edje3ZdHgZWnlTb5nVWXyTgjD3/DKF/6t5bRRbwn3z77zOdnGy44xAMvbyAwDNOSeOdVUmRA=="],

    "@oxlint/binding-win32-x64-msvc": ["@oxlint/binding-win32-x64-msvc@1.47.0", "", { "os": "win32", "cpu": "x64" }, "sha512-+q8IWptxXx2HMTM6JluR67284t0h8X/oHJgqpxH1siowxPMqZeIpAcWCUq+tY+Rv2iQK8TUugjZnSBQAVV5CmA=="],

    "@types/bun": ["@types/bun@1.3.4", "", { "dependencies": { "bun-types": "1.3.4" } }, "sha512-EEPTKXHP+zKGPkhRLv+HI0UEX8/o+65hqARxLy8Ov5rIxMBPNTjeZww00CIihrIQGEQBYg+0roO5qOnS/7boGA=="],

    "@types/lodash": ["@types/lodash@4.17.21", "", {}, "sha512-FOvQ0YPD5NOfPgMzJihoT+Za5pdkDJWcbpuj1DjaKZIr/gxodQjY/uWEFlTNqW2ugXHUiL8lRQgw63dzKHZdeQ=="],

    "@types/node": ["@types/node@24.10.2", "", { "dependencies": { "undici-types": "~7.16.0" } }, "sha512-WOhQTZ4G8xZ1tjJTvKOpyEVSGgOTvJAfDK3FNFgELyaTpzhdgHVHeqW8V+UJvzF5BT+/B54T/1S2K6gd9c7bbA=="],

    "bun-types": ["bun-types@1.3.4", "", { "dependencies": { "@types/node": "*" } }, "sha512-5ua817+BZPZOlNaRgGBpZJOSAQ9RQ17pkwPD0yR7CfJg+r8DgIILByFifDTa+IPDDxzf5VNhtNlcKqFzDgJvlQ=="],

    "chalk": ["chalk@5.6.2", "", {}, "sha512-7NzBL0rN6fMUW+f7A6Io4h40qQlG+xGmtMxfbnH/K7TAtt8JQWVQK+6g0UXKMeVJoyV5EkkNsErQ8pVD3bLHbA=="],

    "date-fns": ["date-fns@4.1.0", "", {}, "sha512-Ukq0owbQXxa/U3EGtsdVBkR1w7KOQ5gIBqdH2hkvknzZPYvBxb/aa6E8L7tmjFtkwZBu3UXBbjIgPo/Ez4xaNg=="],

    "globals": ["globals@16.5.0", "", {}, "sha512-c/c15i26VrJ4IRt5Z89DnIzCGDn9EcebibhAOjw5ibqEHsE1wLUgkPn9RDmNcUKyU87GeaL633nyJ+pplFR2ZQ=="],

    "lefthook": ["lefthook@2.0.9", "", { "optionalDependencies": { "lefthook-darwin-arm64": "2.0.9", "lefthook-darwin-x64": "2.0.9", "lefthook-freebsd-arm64": "2.0.9", "lefthook-freebsd-x64": "2.0.9", "lefthook-linux-arm64": "2.0.9", "lefthook-linux-x64": "2.0.9", "lefthook-openbsd-arm64": "2.0.9", "lefthook-openbsd-x64": "2.0.9", "lefthook-windows-arm64": "2.0.9", "lefthook-windows-x64": "2.0.9" }, "bin": { "lefthook": "bin/index.js" } }, "sha512-SiHbJzS6QCp9UlYh4QZ2Bu+zSNEIFTASXz03hTNL5G6frZeXH56831DDqcPEy+729eA05po3n9ByJ0cAv4yQdw=="],

    "lefthook-darwin-arm64": ["lefthook-darwin-arm64@2.0.9", "", { "os": "darwin", "cpu": "arm64" }, "sha512-DRDqDiDWvQ8CAW7c5o90yApxBu5Pe958Ya2OmgTNLKOEw2tSIlz3YPc0AqWlXxp2KkB6RLv0ottLyJFFRmQBtQ=="],

    "lefthook-darwin-x64": ["lefthook-darwin-x64@2.0.9", "", { "os": "darwin", "cpu": "x64" }, "sha512-Onx2QNWjeVbkDRIbfajcj0U73W51xbhalqRj7yT0JMIIzmyVafnEN2KRrd4i0/UnrquyY2mfrQlVjDM1DoMvCg=="],

    "lefthook-freebsd-arm64": ["lefthook-freebsd-arm64@2.0.9", "", { "os": "freebsd", "cpu": "arm64" }, "sha512-0Ew0kabZkl9uid7sz9DxeFjQSI0oBWwMA8eyeQf4z0FWQ1iMay+TSgV8WOSN0OAiS6QECmrl7J+5/S8z4t2XYQ=="],

    "lefthook-freebsd-x64": ["lefthook-freebsd-x64@2.0.9", "", { "os": "freebsd", "cpu": "x64" }, "sha512-bCqj0+bKzMenYkpJty7ZDGR8+RT/PxoYkt5QqIhxCj1b+DjFyOiMAbMiWr7vRm8tLiYK6ieVr5xsvjYPCXAsdA=="],

    "lefthook-linux-arm64": ["lefthook-linux-arm64@2.0.9", "", { "os": "linux", "cpu": "arm64" }, "sha512-jSE+ZIxz++5JkU9vTY0ZCz7VijUvPw9rUXu/ufGq7HYHaxkQlgqGY9p9H9y10Oh1EahWiC3jGlForx5JhHDrCg=="],

    "lefthook-linux-x64": ["lefthook-linux-x64@2.0.9", "", { "os": "linux", "cpu": "x64" }, "sha512-Xwqew12w+9HiR0bBetTgaRuR9MdHnoe8gnluUSaH/wuGhC9ChEnxRu4ckahll4/Xl75TntlkOZOMDpnYU5YeEQ=="],

    "lefthook-openbsd-arm64": ["lefthook-openbsd-arm64@2.0.9", "", { "os": "openbsd", "cpu": "arm64" }, "sha512-5ErPjbzu2623TKPM1lOcsjzswYeEA1u1f8qPp1uvR8QgWDJlx4xdbOQErF5OsYSWhqAegxQITmrJgdPBvjWuFg=="],

    "lefthook-openbsd-x64": ["lefthook-openbsd-x64@2.0.9", "", { "os": "openbsd", "cpu": "x64" }, "sha512-DhFRJZamG3I+nTPTZV0N3N5VmB4FJSbT/oG4JYDqkvxtqwb3zAL6Q/868uVEgdZl9USxu2yRKI7RnKdllDvdzQ=="],

    "lefthook-windows-arm64": ["lefthook-windows-arm64@2.0.9", "", { "os": "win32", "cpu": "arm64" }, "sha512-zp3mLv67+NBPuX9YrYk3CArkREoko1txAsEPyiB/NXGH3QgLHw9HbR+IeY1TslGlXvzQTBrJaiNcmsQWLFFvAQ=="],

    "lefthook-windows-x64": ["lefthook-windows-x64@2.0.9", "", { "os": "win32", "cpu": "x64" }, "sha512-1TMNYvsW4D7MD66CRXkvcVTbNCq93wTH5IjTlSSn5CtJer9PFwBMWZfeFeEBU0c0gGAUq4NmkYN2pS8RZfISvA=="],

    "lodash": ["lodash@4.17.21", "", {}, "sha512-v2kDEe57lecTulaDIuNTPy3Ry4gLGJ6Z1O3vE1krgXZNrsQ+LFTGHVxVjcXPs17LhbZVGedAJv8XZ1tvj5FvSg=="],

    "oxfmt": ["oxfmt@0.34.0", "", { "dependencies": { "tinypool": "2.1.0" }, "optionalDependencies": { "@oxfmt/binding-android-arm-eabi": "0.34.0", "@oxfmt/binding-android-arm64": "0.34.0", "@oxfmt/binding-darwin-arm64": "0.34.0", "@oxfmt/binding-darwin-x64": "0.34.0", "@oxfmt/binding-freebsd-x64": "0.34.0", "@oxfmt/binding-linux-arm-gnueabihf": "0.34.0", "@oxfmt/binding-linux-arm-musleabihf": "0.34.0", "@oxfmt/binding-linux-arm64-gnu": "0.34.0", "@oxfmt/binding-linux-arm64-musl": "0.34.0", "@oxfmt/binding-linux-ppc64-gnu": "0.34.0", "@oxfmt/binding-linux-riscv64-gnu": "0.34.0", "@oxfmt/binding-linux-riscv64-musl": "0.34.0", "@oxfmt/binding-linux-s390x-gnu": "0.34.0", "@oxfmt/binding-linux-x64-gnu": "0.34.0", "@oxfmt/binding-linux-x64-musl": "0.34.0", "@oxfmt/binding-openharmony-arm64": "0.34.0", "@oxfmt/binding-win32-arm64-msvc": "0.34.0", "@oxfmt/binding-win32-ia32-msvc": "0.34.0", "@oxfmt/binding-win32-x64-msvc": "0.34.0" }, "bin": { "oxfmt": "bin/oxfmt" } }, "sha512-t+zTE4XGpzPTK+Zk9gSwcJcFi4pqjl6PwO/ZxPBJiJQ2XCKMucwjPlHxvPHyVKJtkMSyrDGfQ7Ntg/hUr4OgHQ=="],

    "oxlint": ["oxlint@1.47.0", "", { "optionalDependencies": { "@oxlint/binding-android-arm-eabi": "1.47.0", "@oxlint/binding-android-arm64": "1.47.0", "@oxlint/binding-darwin-arm64": "1.47.0", "@oxlint/binding-darwin-x64": "1.47.0", "@oxlint/binding-freebsd-x64": "1.47.0", "@oxlint/binding-linux-arm-gnueabihf": "1.47.0", "@oxlint/binding-linux-arm-musleabihf": "1.47.0", "@oxlint/binding-linux-arm64-gnu": "1.47.0", "@oxlint/binding-linux-arm64-musl": "1.47.0", "@oxlint/binding-linux-ppc64-gnu": "1.47.0", "@oxlint/binding-linux-riscv64-gnu": "1.47.0", "@oxlint/binding-linux-riscv64-musl": "1.47.0", "@oxlint/binding-linux-s390x-gnu": "1.47.0", "@oxlint/binding-linux-x64-gnu": "1.47.0", "@oxlint/binding-linux-x64-musl": "1.47.0", "@oxlint/binding-openharmony-arm64": "1.47.0", "@oxlint/binding-win32-arm64-msvc": "1.47.0", "@oxlint/binding-win32-ia32-msvc": "1.47.0", "@oxlint/binding-win32-x64-msvc": "1.47.0" }, "peerDependencies": { "oxlint-tsgolint": ">=0.11.2" }, "optionalPeers": ["oxlint-tsgolint"], "bin": { "oxlint": "bin/oxlint" } }, "sha512-v7xkK1iv1qdvTxJGclM97QzN8hHs5816AneFAQ0NGji1BMUquhiDAhXpMwp8+ls16uRVJtzVHxP9pAAXblDeGA=="],

    "prettier": ["prettier@3.7.4", "", { "bin": { "prettier": "bin/prettier.cjs" } }, "sha512-v6UNi1+3hSlVvv8fSaoUbggEM5VErKmmpGA7Pl3HF8V6uKY7rvClBOJlH6yNwQtfTueNkGVpOv/mtWL9L4bgRA=="],

    "tinypool": ["tinypool@2.1.0", "", {}, "sha512-Pugqs6M0m7Lv1I7FtxN4aoyToKg1C4tu+/381vH35y8oENM/Ai7f7C4StcoK4/+BSw9ebcS8jRiVrORFKCALLw=="],

    "undici-types": ["undici-types@7.16.0", "", {}, "sha512-Zz+aZWSj8LE6zoxD+xrjh4VfkIG8Ya6LvYkZqtUQGJPZjYl53ypCaUwWqo7eI0x66KBGeRo+mlBEkMSeSZ38Nw=="],
  }
}
